
Microsoft Visual Studio Solution File, Format Version 12.00
# Visual Studio Version 17
VisualStudioVersion = 17.3.32811.315
MinimumVisualStudioVersion = 10.0.40219.1
Project("{9A19103F-16F7-4668-BE54-9A1E7A4F7556}") = "EFTutorial-20024", "EFTutorial-20024.csproj", "{EC3A8B17-0651-41EC-8D02-8E013BC28EAE}"
EndProject
Global
	GlobalSection(SolutionConfigurationPlatforms) = preSolution
		Debug|Any CPU = Debug|Any CPU
		Release|Any CPU = Release|Any CPU
	EndGlobalSection
	GlobalSection(ProjectConfigurationPlatforms) = postSolution
		{EC3A8B17-0651-41EC-8D02-8E013BC28EAE}.Debug|Any CPU.ActiveCfg = Debug|Any CPU
		{EC3A8B17-0651-41EC-8D02-8E013BC28EAE}.Debug|Any CPU.Build.0 = Debug|Any CPU
		{EC3A8B17-0651-41EC-8D02-8E013BC28EAE}.Release|Any CPU.ActiveCfg = Release|Any CPU
		{EC3A8B17-0651-41EC-8D02-8E013BC28EAE}.Release|Any CPU.Build.0 = Release|Any CPU
	EndGlobalSection
	GlobalSection(SolutionProperties) = preSolution
		HideSolutionNode = FALSE
	EndGlobalSection
	GlobalSection(ExtensibilityGlobals) = postSolution
		SolutionGuid = {9CE38736-BA3A-4BE2-AAB7-0B90C18BCAFC}
	EndGlobalSection
EndGlobal
